
Microsoft Visual Studio Solution File, Format Version 12.00
# Visual Studio Version 17
VisualStudioVersion = 17.12.35521.163 d17.12
MinimumVisualStudioVersion = 10.0.40219.1
Project("{FAE04EC0-301F-11D3-BF4B-00C04F79EFBC}") = "Day 8", "Day 8.csproj", "{2C740BEB-3E39-4C2C-9A00-5BF0C64D5FD0}"
EndProject
Global
	GlobalSection(SolutionConfigurationPlatforms) = preSolution
		Debug|Any CPU = Debug|Any CPU
		Release|Any CPU = Release|Any CPU
	EndGlobalSection
	GlobalSection(ProjectConfigurationPlatforms) = postSolution
		{2C740BEB-3E39-4C2C-9A00-5BF0C64D5FD0}.Debug|Any CPU.ActiveCfg = Debug|Any CPU
		{2C740BEB-3E39-4C2C-9A00-5BF0C64D5FD0}.Debug|Any CPU.Build.0 = Debug|Any CPU
		{2C740BEB-3E39-4C2C-9A00-5BF0C64D5FD0}.Release|Any CPU.ActiveCfg = Release|Any CPU
		{2C740BEB-3E39-4C2C-9A00-5BF0C64D5FD0}.Release|Any CPU.Build.0 = Release|Any CPU
	EndGlobalSection
	GlobalSection(SolutionProperties) = preSolution
		HideSolutionNode = FALSE
	EndGlobalSection
EndGlobal
